{
  "meteor": {},
  "dependencies": {
    "basePackages": {
      "iron-router": {},
      "accounts-entry": {},
      "simple-schema": {},
      "collection2": {},
      "autoform": {},
      "fullcalendar": {},
      "collection-hooks": {},
      "velocity-html-reporter": {},
      "mocha-web-velocity": {},
      "less-bootstrap-3": {},
      "font-awesome-4-less": {},
      "bootstrap3-wysihtml5": {},
      "notifications": {}
    },
    "packages": {
      "iron-router": {
        "git": "https://github.com/EventedMind/iron-router.git",
        "tag": "v0.8.2",
        "commit": "05415a8891ea87a00fb1e2388585f2ca5a38e0da"
      },
      "accounts-entry": {
        "git": "https://github.com/Differential/accounts-entry.git",
        "tag": "v0.8.1",
        "commit": "3102c0641cab394ce4c3e54b655c85ec1610c092"
      },
      "simple-schema": {
        "git": "https://github.com/aldeed/meteor-simple-schema.git",
        "tag": "v0.7.0",
        "commit": "77d267aec4ba8a70f677e5d9ef9fb91fb0e3f0f6"
      },
      "collection2": {
        "git": "https://github.com/aldeed/meteor-collection2.git",
        "tag": "v0.4.6",
        "commit": "80554182486be0d8e74f7ed02194a5649d712e27"
      },
      "autoform": {
        "git": "https://github.com/aldeed/meteor-autoform.git",
        "tag": "v0.17.1",
        "commit": "a4688e7d77019a68ef43c2a303e905748beeb860"
      },
      "fullcalendar": {
        "git": "https://github.com/TimHeckel/meteor-fullcalendar.git",
        "tag": "v1.6.1",
        "commit": "78dba7c564bf7baacf6556c70a3cc179d0e137c4"
      },
      "collection-hooks": {
        "git": "https://github.com/matb33/meteor-collection-hooks.git",
        "tag": "v0.7.2",
        "commit": "261f61f07b371ae913463fba8964a9b93cab531b"
      },
      "velocity-html-reporter": {
        "git": "https://github.com/rdickert/velocity-html-reporter.git",
        "tag": "v0.1.5",
        "commit": "741edd0caa8d0e491c53d597d34636f90cc64b88"
      },
      "mocha-web-velocity": {
        "git": "https://github.com/mad-eye/meteor-mocha-web.git",
        "tag": "v0.3.4",
        "commit": "5b68e18104c00687748b190b04a7752478472d17"
      },
      "less-bootstrap-3": {
        "git": "https://github.com/DerMambo/less-bootstrap-3.git",
        "tag": "v0.0.2",
        "commit": "b5010b2ff9e9ae6b0e6e13eb0f6c81c9cb84373e"
      },
      "font-awesome-4-less": {
        "git": "https://github.com/svub/fontawesome4-less.git",
        "tag": "v4.4.0",
        "commit": "250d2336a217c18eb70e9d074784a7db3ca38472"
      },
      "bootstrap3-wysihtml5": {
        "git": "https://github.com/andreioprisan/meteor-bootstrap3-wysihtml5.git",
        "tag": "v0.3.3",
        "commit": "251d564c3eb5b5b7a89a3e3e63f58633e0816332"
      },
      "notifications": {
        "git": "https://github.com/gfk-ba/meteor-notifications.git",
        "tag": "v1.0.5",
        "commit": "f61cd5dcede6cc572bc045dad11c4634db79267a"
      },
      "iron-layout": {
        "git": "https://github.com/EventedMind/iron-layout.git",
        "tag": "v0.2.0",
        "commit": "4a2d53e35ba036b0c189c7ceca34be494d4c6c97"
      },
      "accounts-t9n": {
        "git": "https://github.com/softwarerero/meteor-accounts-t9n.git",
        "tag": "v0.0.5",
        "commit": "ad9539a8818049d5d9fa050d8b2a1f62706483b1"
      },
      "simple-form": {
        "git": "https://github.com/Differential/simple-form.git",
        "tag": "v0.1.8",
        "commit": "1ea0d3621b333e6f24f37e0e93efd3c081068716"
      },
      "moment": {
        "git": "https://github.com/acreeger/meteor-moment.git",
        "tag": "v2.8.1",
        "commit": "722ea63783d594341023836b7d418ab2567dab8c"
      },
      "jquery-ui": {
        "git": "https://github.com/TimHeckel/meteor-jquery-ui.git",
        "tag": "v1.9.2",
        "commit": "c437d45edcf1367df8d5ffa8bad2867758030bd2"
      },
      "velocity": {
        "git": "https://github.com/xolvio/velocity.git",
        "tag": "v0.1.19",
        "commit": "5ccde8b9a72d8291f22fea9393821142d19a6d0a"
      },
      "mirror": {
        "git": "https://github.com/xdissent/meteor-mirror.git",
        "tag": "v0.0.2",
        "commit": "03d965dcab2f976a1fdc6ce513edcd4c17b75746"
      },
      "sinon": {
        "git": "https://github.com/spacejamio/meteor-sinon.git",
        "tag": "v0.1.5",
        "commit": "5078abefbfc67a6c4c19f628ceba4249b84b4e07"
      },
      "chai": {
        "git": "https://github.com/spacejamio/meteor-chai.git",
        "tag": "v0.1.5",
        "commit": "9c8f1f769839c946f11f580b8c6f8601f9286a66"
      },
      "blaze-layout": {
        "git": "https://github.com/EventedMind/blaze-layout.git",
        "tag": "v0.2.5",
        "commit": "273e3ab7d005d91a1a59c71bd224533b4dae2fbd"
      },
      "iron-core": {
        "git": "https://github.com/EventedMind/iron-core.git",
        "tag": "v0.2.0",
        "commit": "0e48b5dc50d03f01025b7b900fb5ce2f13d52cad"
      },
      "iron-dynamic-template": {
        "git": "https://github.com/EventedMind/iron-dynamic-template.git",
        "tag": "v0.2.1",
        "commit": "4dd1185c4d9d616c9abdb3f33e4a7d5a88db7e18"
      },
      "underscore-string-latest": {
        "git": "https://github.com/TimHeckel/meteor-underscore-string.git",
        "tag": "v2.3.3",
        "commit": "4a5d70eee48fbd90a6e6fc78747250d704a0b3bb"
      }
    }
  }
}
